
Microsoft Visual Studio Solution File, Format Version 12.00
# Visual Studio 15
VisualStudioVersion = 15.0.27703.2035
MinimumVisualStudioVersion = 10.0.40219.1
Project("{FAE04EC0-301F-11D3-BF4B-00C04F79EFBC}") = "codex-online", "codex-online\codex-online.csproj", "{6209605F-3F0E-41DB-ADB1-1C0297A53F85}"
EndProject
Project("{FAE04EC0-301F-11D3-BF4B-00C04F79EFBC}") = "Nez", "..\Nez\Nez.Portable\Nez.csproj", "{60B7197D-D0D5-405C-90A2-A56903E9B039}"
EndProject
Project("{FAE04EC0-301F-11D3-BF4B-00C04F79EFBC}") = "MonoGameDragAndDrop", "..\MonoGameDragAndDrop\MonoGameDragAndDrop\MonoGameDragAndDrop.csproj", "{10C45675-AA55-4D38-B026-1EB52E1285C5}"
EndProject
Global
	GlobalSection(SolutionConfigurationPlatforms) = preSolution
		Debug|Any CPU = Debug|Any CPU
		Debug|x64 = Debug|x64
		Debug|x86 = Debug|x86
		Release|Any CPU = Release|Any CPU
		Release|x64 = Release|x64
		Release|x86 = Release|x86
	EndGlobalSection
	GlobalSection(ProjectConfigurationPlatforms) = postSolution
		{6209605F-3F0E-41DB-ADB1-1C0297A53F85}.Debug|Any CPU.ActiveCfg = Debug|x86
		{6209605F-3F0E-41DB-ADB1-1C0297A53F85}.Debug|x64.ActiveCfg = Debug|x86
		{6209605F-3F0E-41DB-ADB1-1C0297A53F85}.Debug|x86.ActiveCfg = Debug|x86
		{6209605F-3F0E-41DB-ADB1-1C0297A53F85}.Debug|x86.Build.0 = Debug|x86
		{6209605F-3F0E-41DB-ADB1-1C0297A53F85}.Release|Any CPU.ActiveCfg = Release|x86
		{6209605F-3F0E-41DB-ADB1-1C0297A53F85}.Release|x64.ActiveCfg = Release|x86
		{6209605F-3F0E-41DB-ADB1-1C0297A53F85}.Release|x86.ActiveCfg = Release|x86
		{6209605F-3F0E-41DB-ADB1-1C0297A53F85}.Release|x86.Build.0 = Release|x86
		{60B7197D-D0D5-405C-90A2-A56903E9B039}.Debug|Any CPU.ActiveCfg = Debug|Any CPU
		{60B7197D-D0D5-405C-90A2-A56903E9B039}.Debug|Any CPU.Build.0 = Debug|Any CPU
		{60B7197D-D0D5-405C-90A2-A56903E9B039}.Debug|x64.ActiveCfg = Debug|Any CPU
		{60B7197D-D0D5-405C-90A2-A56903E9B039}.Debug|x64.Build.0 = Debug|Any CPU
		{60B7197D-D0D5-405C-90A2-A56903E9B039}.Debug|x86.ActiveCfg = Debug|Any CPU
		{60B7197D-D0D5-405C-90A2-A56903E9B039}.Debug|x86.Build.0 = Debug|Any CPU
		{60B7197D-D0D5-405C-90A2-A56903E9B039}.Release|Any CPU.ActiveCfg = Release|Any CPU
		{60B7197D-D0D5-405C-90A2-A56903E9B039}.Release|Any CPU.Build.0 = Release|Any CPU
		{60B7197D-D0D5-405C-90A2-A56903E9B039}.Release|x64.ActiveCfg = Release|Any CPU
		{60B7197D-D0D5-405C-90A2-A56903E9B039}.Release|x64.Build.0 = Release|Any CPU
		{60B7197D-D0D5-405C-90A2-A56903E9B039}.Release|x86.ActiveCfg = Release|Any CPU
		{60B7197D-D0D5-405C-90A2-A56903E9B039}.Release|x86.Build.0 = Release|Any CPU
		{10C45675-AA55-4D38-B026-1EB52E1285C5}.Debug|Any CPU.ActiveCfg = Debug|Any CPU
		{10C45675-AA55-4D38-B026-1EB52E1285C5}.Debug|Any CPU.Build.0 = Debug|Any CPU
		{10C45675-AA55-4D38-B026-1EB52E1285C5}.Debug|x64.ActiveCfg = Debug|x64
		{10C45675-AA55-4D38-B026-1EB52E1285C5}.Debug|x64.Build.0 = Debug|x64
		{10C45675-AA55-4D38-B026-1EB52E1285C5}.Debug|x86.ActiveCfg = Debug|x86
		{10C45675-AA55-4D38-B026-1EB52E1285C5}.Debug|x86.Build.0 = Debug|x86
		{10C45675-AA55-4D38-B026-1EB52E1285C5}.Release|Any CPU.ActiveCfg = Release|Any CPU
		{10C45675-AA55-4D38-B026-1EB52E1285C5}.Release|Any CPU.Build.0 = Release|Any CPU
		{10C45675-AA55-4D38-B026-1EB52E1285C5}.Release|x64.ActiveCfg = Release|x64
		{10C45675-AA55-4D38-B026-1EB52E1285C5}.Release|x64.Build.0 = Release|x64
		{10C45675-AA55-4D38-B026-1EB52E1285C5}.Release|x86.ActiveCfg = Release|x86
		{10C45675-AA55-4D38-B026-1EB52E1285C5}.Release|x86.Build.0 = Release|x86
	EndGlobalSection
	GlobalSection(SolutionProperties) = preSolution
		HideSolutionNode = FALSE
	EndGlobalSection
	GlobalSection(ExtensibilityGlobals) = postSolution
		SolutionGuid = {C7395561-43EB-458B-AA4B-62011BD71361}
	EndGlobalSection
EndGlobal
